
Microsoft Visual Studio Solution File, Format Version 12.00
# Visual Studio Version 17
VisualStudioVersion = 17.11.35222.181
MinimumVisualStudioVersion = 10.0.40219.1
Project("{9A19103F-16F7-4668-BE54-9A1E7A4F7556}") = "mesh2ical", "mesh2ical.csproj", "{A48A0FB5-666D-4A73-A2B0-8713A5C36461}"
EndProject
Global
	GlobalSection(SolutionConfigurationPlatforms) = preSolution
		Debug|Any CPU = Debug|Any CPU
		Release|Any CPU = Release|Any CPU
	EndGlobalSection
	GlobalSection(ProjectConfigurationPlatforms) = postSolution
		{A48A0FB5-666D-4A73-A2B0-8713A5C36461}.Debug|Any CPU.ActiveCfg = Debug|Any CPU
		{A48A0FB5-666D-4A73-A2B0-8713A5C36461}.Debug|Any CPU.Build.0 = Debug|Any CPU
		{A48A0FB5-666D-4A73-A2B0-8713A5C36461}.Release|Any CPU.ActiveCfg = Release|Any CPU
		{A48A0FB5-666D-4A73-A2B0-8713A5C36461}.Release|Any CPU.Build.0 = Release|Any CPU
	EndGlobalSection
	GlobalSection(SolutionProperties) = preSolution
		HideSolutionNode = FALSE
	EndGlobalSection
	GlobalSection(ExtensibilityGlobals) = postSolution
		SolutionGuid = {2B17D7C8-FC9F-4936-B4C4-AB43C1DBBD8E}
	EndGlobalSection
EndGlobal
